# THIS IS AN AUTOGENERATED FILE. DO NOT EDIT THIS FILE DIRECTLY.
# yarn lockfile v1


"@leichtgewicht/ip-codec@^2.0.1":
  version "2.0.3"
  resolved "https://registry.npmjs.org/@leichtgewicht/ip-codec/-/ip-codec-2.0.3.tgz#0300943770e04231041a51bd39f0439b5c7ab4f0"
  integrity sha512-nkalE/f1RvRGChwBnEIoBfSEYOXnCRdleKuv6+lePbMDrMZXeDQnqak5XDOeBgrPPyPfAdcCu/B5z+v3VhplGg==

atvik@^0.3.1:
  version "0.3.1"
  resolved "https://registry.npmjs.org/atvik/-/atvik-0.3.1.tgz#21740f45024b3db3f8e6abeda2c37eebf697c8ae"
  integrity sha512-5T7Kmxglo/AXdjp7coAR6kcMr1XkeOMVPAQ1f6KIKjjh90hchb8JyGTDrTFVTW3f1os42H2SvAbsr2rNhJ0jlg==

debug@^4.1.1:
  version "4.3.4"
  resolved "https://registry.npmjs.org/debug/-/debug-4.3.4.tgz#1319f6579357f2338d3337d2cdd4914bb5dcc865"
  integrity sha512-PRWFHuSU3eDtQJPvnNY7Jcket1j0t5OuOsFzPPzsekD52Zl8qUfFIPEiswXqIvHWGVHOgX+7G/vCNNhehwxfkQ==
  dependencies:
    ms "2.1.2"

dns-packet@^5.2.2:
  version "5.3.1"
  resolved "https://registry.npmjs.org/dns-packet/-/dns-packet-5.3.1.tgz#eb94413789daec0f0ebe2fcc230bdc9d7c91b43d"
  integrity sha512-spBwIj0TK0Ey3666GwIdWVfUpLyubpU53BTCu8iPn4r4oXd9O14Hjg3EHw3ts2oed77/SeckunUYCyRlSngqHw==
  dependencies:
    "@leichtgewicht/ip-codec" "^2.0.1"

fast-deep-equal@^2.0.1:
  version "2.0.1"
  resolved "https://registry.npmjs.org/fast-deep-equal/-/fast-deep-equal-2.0.1.tgz#7b05218ddf9667bf7f370bf7fdb2cb15fdd0aa49"
  integrity sha1-ewUhjd+WZ79/Nwv3/bLLFf3Qqkk=

ip-address@^7.1.0:
  version "7.1.0"
  resolved "https://registry.npmjs.org/ip-address/-/ip-address-7.1.0.tgz#4a9c699e75b51cbeb18b38de8ed216efa1a490c5"
  integrity sha512-V9pWC/VJf2lsXqP7IWJ+pe3P1/HCYGBMZrrnT62niLGjAfCbeiwXMUxaeHvnVlz19O27pvXP4azs+Pj/A0x+SQ==
  dependencies:
    jsbn "1.1.0"
    sprintf-js "1.1.2"

ip-regex@^4.1.0:
  version "4.3.0"
  resolved "https://registry.npmjs.org/ip-regex/-/ip-regex-4.3.0.tgz#687275ab0f57fa76978ff8f4dddc8a23d5990db5"
  integrity sha512-B9ZWJxHHOHUhUjCPrMpLD4xEq35bUTClHM1S6CBU5ixQnkZmwipwgc96vAd7AAGM9TGHvJR+Uss+/Ak6UphK+Q==

jsbn@1.1.0:
  version "1.1.0"
  resolved "https://registry.npmjs.org/jsbn/-/jsbn-1.1.0.tgz#b01307cb29b618a1ed26ec79e911f803c4da0040"
  integrity sha1-sBMHyym2GKHtJux56RH4A8TaAEA=

lutron-leap@^3.0.2:
  version "3.0.2"
  resolved "https://registry.npmjs.org/lutron-leap/-/lutron-leap-3.0.2.tgz#636fdf9ac43666b44a80eee280c044e25b66eeab"
  integrity sha512-NRas25ztOjoImhlTlPCzdE1hZbtbmrcThH+JLO1lIUsNUq0LXVvcJJfKQIp697+xaAYKXoydN64GleyWU2IVkw==
  dependencies:
    ip-address "^7.1.0"
    multicast-dns "^7.2.3"
    tinkerhub-mdns "^0.5.1"
    uuid "^8.3.2"

ms@2.1.2:
  version "2.1.2"
  resolved "https://registry.npmjs.org/ms/-/ms-2.1.2.tgz#d09d1f357b443f493382a8eb3ccd183872ae6009"
  integrity sha512-sGkPx+VjMtmA6MX27oA4FBFELFCZZ4S4XqeGOXCv68tT+jb3vk/RyaKWP0PTKyWtmLSM0b+adUTEvbs1PEaH2w==

multicast-dns-service-types@^1.1.0:
  version "1.1.0"
  resolved "https://registry.npmjs.org/multicast-dns-service-types/-/multicast-dns-service-types-1.1.0.tgz#899f11d9686e5e05cb91b35d5f0e63b773cfc901"
  integrity sha1-iZ8R2WhuXgXLkbNdXw5jt3PPyQE=

multicast-dns@^7.2.0, multicast-dns@^7.2.3:
  version "7.2.4"
  resolved "https://registry.npmjs.org/multicast-dns/-/multicast-dns-7.2.4.tgz#cf0b115c31e922aeb20b64e6556cbeb34cf0dd19"
  integrity sha512-XkCYOU+rr2Ft3LI6w4ye51M3VK31qJXFIxu0XLw169PtKG0Zx47OrXeVW/GCYOfpC9s1yyyf1S+L8/4LY0J9Zw==
  dependencies:
    dns-packet "^5.2.2"
    thunky "^1.0.2"

node-forge@^1.3.1:
  version "1.3.1"
  resolved "https://registry.npmjs.org/node-forge/-/node-forge-1.3.1.tgz#be8da2af243b2417d5f646a770663a92b7e9ded3"
  integrity sha512-dPEtOeMvF9VMcYV/1Wb8CPoVAXtp6MKMlcbAt4ddqmGqUJ6fQZFXkNZNkNlfevtNkGtaSoXf/vNNNSvgrdXwtA==

sprintf-js@1.1.2:
  version "1.1.2"
  resolved "https://registry.npmjs.org/sprintf-js/-/sprintf-js-1.1.2.tgz#da1765262bf8c0f571749f2ad6c26300207ae673"
  integrity sha512-VE0SOVEHCk7Qc8ulkWw3ntAzXuqf7S2lvwQaDLRnUeIEaKNQJzV6BwmLKhOqT61aGhfUMrXeaBk+oDGCzvhcug==

thunky@^1.0.2:
  version "1.1.0"
  resolved "https://registry.npmjs.org/thunky/-/thunky-1.1.0.tgz#5abaf714a9405db0504732bbccd2cedd9ef9537d"
  integrity sha512-eHY7nBftgThBqOyHGVN+l8gF0BucP09fMo0oO/Lb0w1OF80dJv+lDVpXG60WMQvkcxAkNybKsrEIE3ZtKGmPrA==

timer-wheel@^0.3.2:
  version "0.3.2"
  resolved "https://registry.npmjs.org/timer-wheel/-/timer-wheel-0.3.2.tgz#d11bc7704feb81a6a2d7a3c3eb7c78949cf7a446"
  integrity sha512-BW7tg8N6i69BFfbL+6hCGbut8p+xjhPF9Lvm2kGiyqoGLaD4IssneOaE0gLlgiex/deSUmlVex/jgclQ+oCTAw==

tinkerhub-discovery@^0.6.0:
  version "0.6.0"
  resolved "https://registry.npmjs.org/tinkerhub-discovery/-/tinkerhub-discovery-0.6.0.tgz#d3e8c20c0d4a35d3a5fa1199d817fd6c3f3fe5db"
  integrity sha512-z1O3BMRx1kwxVusreRuLylaKILeo/n98W74R1HmrKFz/oMzWfcr7M+R4FN8Tyq6fe7igSjNm0hSynj0+yiuDfg==
  dependencies:
    atvik "^0.3.1"
    debug "^4.1.1"
    fast-deep-equal "^2.0.1"
    ip-regex "^4.1.0"
    timer-wheel "^0.3.2"

tinkerhub-mdns@^0.5.1:
  version "0.5.1"
  resolved "https://registry.npmjs.org/tinkerhub-mdns/-/tinkerhub-mdns-0.5.1.tgz#97e080475a3d001c6cee920b6cd4314efb82fa97"
  integrity sha512-wvFGRKko5rlgnOy66nyy8AIZceu6YSSn8QbS+jWvEO5q0V3v/bSic+qcyS6xxUEMxfeH02jd/+NnKWjNl87ktQ==
  dependencies:
    atvik "^0.3.1"
    debug "^4.1.1"
    fast-deep-equal "^2.0.1"
    multicast-dns "^7.2.0"
    multicast-dns-service-types "^1.1.0"
    timer-wheel "^0.3.2"
    tinkerhub-discovery "^0.6.0"

uuid@^8.3.2:
  version "8.3.2"
  resolved "https://registry.npmjs.org/uuid/-/uuid-8.3.2.tgz#80d5b5ced271bb9af6c445f21a1a04c606cefbe2"
  integrity sha512-+NYs2QeMWy+GWFOEm9xnn6HCDp0l7QBD7ml8zLUmJ+93Q5NF0NocErnwkTkXVFNiX3/fpC6afS8Dhb/gz7R7eg==
